<?xml version="1.0" encoding="UTF-8"?>
<!DOCTYPE plist PUBLIC "-//Apple//DTD PLIST 1.0//EN" "http://www.apple.com/DTDs/PropertyList-1.0.dtd">
<plist version="1.0">
<dict>
	<key>archiveVersion</key>
	<string>1</string>
	<key>classes</key>
	<dict/>
	<key>objectVersion</key>
	<string>46</string>
	<key>objects</key>
	<dict>
		<key>04FD416F19062ECD00AF17DC</key>
		<dict>
			<key>children</key>
			<array>
				<string>04FD418119062ECD00AF17DC</string>
				<string>04FD41A619062ECD00AF17DC</string>
				<string>04FD417A19062ECD00AF17DC</string>
				<string>04FD417919062ECD00AF17DC</string>
				<string>8FB63B052AC2408A9C372E37</string>
			</array>
			<key>isa</key>
			<string>PBXGroup</string>
			<key>sourceTree</key>
			<string>&lt;group&gt;</string>
		</dict>
		<key>04FD417019062ECD00AF17DC</key>
		<dict>
			<key>attributes</key>
			<dict>
				<key>CLASSPREFIX</key>
				<string>EB</string>
				<key>LastUpgradeCheck</key>
				<string>0510</string>
				<key>ORGANIZATIONNAME</key>
				<string>Eulers Bridge</string>
				<key>TargetAttributes</key>
				<dict>
					<key>04FD419E19062ECD00AF17DC</key>
					<dict>
						<key>TestTargetID</key>
						<string>04FD417719062ECD00AF17DC</string>
					</dict>
				</dict>
			</dict>
			<key>buildConfigurationList</key>
			<string>04FD417319062ECD00AF17DC</string>
			<key>compatibilityVersion</key>
			<string>Xcode 3.2</string>
			<key>developmentRegion</key>
			<string>English</string>
			<key>hasScannedForEncodings</key>
			<string>0</string>
			<key>isa</key>
			<string>PBXProject</string>
			<key>knownRegions</key>
			<array>
				<string>en</string>
				<string>Base</string>
			</array>
			<key>mainGroup</key>
			<string>04FD416F19062ECD00AF17DC</string>
			<key>productRefGroup</key>
			<string>04FD417919062ECD00AF17DC</string>
			<key>projectDirPath</key>
			<string></string>
			<key>projectReferences</key>
			<array/>
			<key>projectRoot</key>
			<string></string>
			<key>targets</key>
			<array>
				<string>04FD417719062ECD00AF17DC</string>
				<string>04FD419E19062ECD00AF17DC</string>
			</array>
		</dict>
		<key>04FD417319062ECD00AF17DC</key>
		<dict>
			<key>buildConfigurations</key>
			<array>
				<string>04FD41AE19062ECD00AF17DC</string>
				<string>04FD41AF19062ECD00AF17DC</string>
			</array>
			<key>defaultConfigurationIsVisible</key>
			<string>0</string>
			<key>defaultConfigurationName</key>
			<string>Release</string>
			<key>isa</key>
			<string>XCConfigurationList</string>
		</dict>
		<key>04FD417419062ECD00AF17DC</key>
		<dict>
			<key>buildActionMask</key>
			<string>2147483647</string>
			<key>files</key>
			<array>
				<string>04FD418819062ECD00AF17DC</string>
				<string>04FD419819062ECD00AF17DC</string>
				<string>04FD419519062ECD00AF17DC</string>
				<string>04FD418C19062ECD00AF17DC</string>
			</array>
			<key>isa</key>
			<string>PBXSourcesBuildPhase</string>
			<key>runOnlyForDeploymentPostprocessing</key>
			<string>0</string>
		</dict>
		<key>04FD417519062ECD00AF17DC</key>
		<dict>
			<key>buildActionMask</key>
			<string>2147483647</string>
			<key>files</key>
			<array>
				<string>04FD417E19062ECD00AF17DC</string>
				<string>04FD418019062ECD00AF17DC</string>
				<string>04FD417C19062ECD00AF17DC</string>
				<string>8CC2FEF72E8D4741B1BFD910</string>
			</array>
			<key>isa</key>
			<string>PBXFrameworksBuildPhase</string>
			<key>runOnlyForDeploymentPostprocessing</key>
			<string>0</string>
		</dict>
		<key>04FD417619062ECD00AF17DC</key>
		<dict>
			<key>buildActionMask</key>
			<string>2147483647</string>
			<key>files</key>
			<array>
				<string>04FD419219062ECD00AF17DC</string>
				<string>04FD419A19062ECD00AF17DC</string>
				<string>04FD418F19062ECD00AF17DC</string>
				<string>04FD418619062ECD00AF17DC</string>
			</array>
			<key>isa</key>
			<string>PBXResourcesBuildPhase</string>
			<key>runOnlyForDeploymentPostprocessing</key>
			<string>0</string>
		</dict>
		<key>04FD417719062ECD00AF17DC</key>
		<dict>
			<key>buildConfigurationList</key>
			<string>04FD41B019062ECD00AF17DC</string>
			<key>buildPhases</key>
			<array>
				<string>B7ABA1A7F4B74F7594112334</string>
				<string>04FD417419062ECD00AF17DC</string>
				<string>04FD417519062ECD00AF17DC</string>
				<string>04FD417619062ECD00AF17DC</string>
				<string>CC16852ABD2B4F5A98994117</string>
			</array>
			<key>buildRules</key>
			<array/>
			<key>dependencies</key>
			<array/>
			<key>isa</key>
			<string>PBXNativeTarget</string>
			<key>name</key>
			<string>EulersBridge</string>
			<key>productName</key>
			<string>EulersBridge</string>
			<key>productReference</key>
			<string>04FD417819062ECD00AF17DC</string>
			<key>productType</key>
			<string>com.apple.product-type.application</string>
		</dict>
		<key>04FD417819062ECD00AF17DC</key>
		<dict>
			<key>explicitFileType</key>
			<string>wrapper.application</string>
			<key>includeInIndex</key>
			<string>0</string>
			<key>isa</key>
			<string>PBXFileReference</string>
			<key>path</key>
			<string>EulersBridge.app</string>
			<key>sourceTree</key>
			<string>BUILT_PRODUCTS_DIR</string>
		</dict>
		<key>04FD417919062ECD00AF17DC</key>
		<dict>
			<key>children</key>
			<array>
				<string>04FD417819062ECD00AF17DC</string>
				<string>04FD419F19062ECD00AF17DC</string>
			</array>
			<key>isa</key>
			<string>PBXGroup</string>
			<key>name</key>
			<string>Products</string>
			<key>sourceTree</key>
			<string>&lt;group&gt;</string>
		</dict>
		<key>04FD417A19062ECD00AF17DC</key>
		<dict>
			<key>children</key>
			<array>
				<string>04FD417B19062ECD00AF17DC</string>
				<string>04FD417D19062ECD00AF17DC</string>
				<string>04FD417F19062ECD00AF17DC</string>
				<string>04FD41A019062ECD00AF17DC</string>
				<string>DA4A187B11A845AF9E3E5CDF</string>
			</array>
			<key>isa</key>
			<string>PBXGroup</string>
			<key>name</key>
			<string>Frameworks</string>
			<key>sourceTree</key>
			<string>&lt;group&gt;</string>
		</dict>
		<key>04FD417B19062ECD00AF17DC</key>
		<dict>
			<key>isa</key>
			<string>PBXFileReference</string>
			<key>lastKnownFileType</key>
			<string>wrapper.framework</string>
			<key>name</key>
			<string>Foundation.framework</string>
			<key>path</key>
			<string>System/Library/Frameworks/Foundation.framework</string>
			<key>sourceTree</key>
			<string>SDKROOT</string>
		</dict>
		<key>04FD417C19062ECD00AF17DC</key>
		<dict>
			<key>fileRef</key>
			<string>04FD417B19062ECD00AF17DC</string>
			<key>isa</key>
			<string>PBXBuildFile</string>
		</dict>
		<key>04FD417D19062ECD00AF17DC</key>
		<dict>
			<key>isa</key>
			<string>PBXFileReference</string>
			<key>lastKnownFileType</key>
			<string>wrapper.framework</string>
			<key>name</key>
			<string>CoreGraphics.framework</string>
			<key>path</key>
			<string>System/Library/Frameworks/CoreGraphics.framework</string>
			<key>sourceTree</key>
			<string>SDKROOT</string>
		</dict>
		<key>04FD417E19062ECD00AF17DC</key>
		<dict>
			<key>fileRef</key>
			<string>04FD417D19062ECD00AF17DC</string>
			<key>isa</key>
			<string>PBXBuildFile</string>
		</dict>
		<key>04FD417F19062ECD00AF17DC</key>
		<dict>
			<key>isa</key>
			<string>PBXFileReference</string>
			<key>lastKnownFileType</key>
			<string>wrapper.framework</string>
			<key>name</key>
			<string>UIKit.framework</string>
			<key>path</key>
			<string>System/Library/Frameworks/UIKit.framework</string>
			<key>sourceTree</key>
			<string>SDKROOT</string>
		</dict>
		<key>04FD418019062ECD00AF17DC</key>
		<dict>
			<key>fileRef</key>
			<string>04FD417F19062ECD00AF17DC</string>
			<key>isa</key>
			<string>PBXBuildFile</string>
		</dict>
		<key>04FD418119062ECD00AF17DC</key>
		<dict>
			<key>children</key>
			<array>
				<string>04FD418A19062ECD00AF17DC</string>
				<string>04FD418B19062ECD00AF17DC</string>
				<string>04FD418D19062ECD00AF17DC</string>
				<string>04FD419019062ECD00AF17DC</string>
				<string>04FD419319062ECD00AF17DC</string>
				<string>04FD419419062ECD00AF17DC</string>
				<string>04FD419619062ECD00AF17DC</string>
				<string>04FD419719062ECD00AF17DC</string>
				<string>04FD419919062ECD00AF17DC</string>
				<string>04FD418219062ECD00AF17DC</string>
			</array>
			<key>isa</key>
			<string>PBXGroup</string>
			<key>path</key>
			<string>EulersBridge</string>
			<key>sourceTree</key>
			<string>&lt;group&gt;</string>
		</dict>
		<key>04FD418219062ECD00AF17DC</key>
		<dict>
			<key>children</key>
			<array>
				<string>04FD418319062ECD00AF17DC</string>
				<string>04FD418419062ECD00AF17DC</string>
				<string>04FD418719062ECD00AF17DC</string>
				<string>04FD418919062ECD00AF17DC</string>
			</array>
			<key>isa</key>
			<string>PBXGroup</string>
			<key>name</key>
			<string>Supporting Files</string>
			<key>sourceTree</key>
			<string>&lt;group&gt;</string>
		</dict>
		<key>04FD418319062ECD00AF17DC</key>
		<dict>
			<key>isa</key>
			<string>PBXFileReference</string>
			<key>lastKnownFileType</key>
			<string>text.plist.xml</string>
			<key>path</key>
			<string>EulersBridge-Info.plist</string>
			<key>sourceTree</key>
			<string>&lt;group&gt;</string>
		</dict>
		<key>04FD418419062ECD00AF17DC</key>
		<dict>
			<key>children</key>
			<array>
				<string>04FD418519062ECD00AF17DC</string>
			</array>
			<key>isa</key>
			<string>PBXVariantGroup</string>
			<key>name</key>
			<string>InfoPlist.strings</string>
			<key>sourceTree</key>
			<string>&lt;group&gt;</string>
		</dict>
		<key>04FD418519062ECD00AF17DC</key>
		<dict>
			<key>isa</key>
			<string>PBXFileReference</string>
			<key>lastKnownFileType</key>
			<string>text.plist.strings</string>
			<key>name</key>
			<string>en</string>
			<key>path</key>
			<string>en.lproj/InfoPlist.strings</string>
			<key>sourceTree</key>
			<string>&lt;group&gt;</string>
		</dict>
		<key>04FD418619062ECD00AF17DC</key>
		<dict>
			<key>fileRef</key>
			<string>04FD418419062ECD00AF17DC</string>
			<key>isa</key>
			<string>PBXBuildFile</string>
		</dict>
		<key>04FD418719062ECD00AF17DC</key>
		<dict>
			<key>isa</key>
			<string>PBXFileReference</string>
			<key>lastKnownFileType</key>
			<string>sourcecode.c.objc</string>
			<key>path</key>
			<string>main.m</string>
			<key>sourceTree</key>
			<string>&lt;group&gt;</string>
		</dict>
		<key>04FD418819062ECD00AF17DC</key>
		<dict>
			<key>fileRef</key>
			<string>04FD418719062ECD00AF17DC</string>
			<key>isa</key>
			<string>PBXBuildFile</string>
		</dict>
		<key>04FD418919062ECD00AF17DC</key>
		<dict>
			<key>isa</key>
			<string>PBXFileReference</string>
			<key>lastKnownFileType</key>
			<string>sourcecode.c.h</string>
			<key>path</key>
			<string>EulersBridge-Prefix.pch</string>
			<key>sourceTree</key>
			<string>&lt;group&gt;</string>
		</dict>
		<key>04FD418A19062ECD00AF17DC</key>
		<dict>
			<key>isa</key>
			<string>PBXFileReference</string>
			<key>lastKnownFileType</key>
			<string>sourcecode.c.h</string>
			<key>path</key>
			<string>EBAppDelegate.h</string>
			<key>sourceTree</key>
			<string>&lt;group&gt;</string>
		</dict>
		<key>04FD418B19062ECD00AF17DC</key>
		<dict>
			<key>isa</key>
			<string>PBXFileReference</string>
			<key>lastKnownFileType</key>
			<string>sourcecode.c.objc</string>
			<key>path</key>
			<string>EBAppDelegate.m</string>
			<key>sourceTree</key>
			<string>&lt;group&gt;</string>
		</dict>
		<key>04FD418C19062ECD00AF17DC</key>
		<dict>
			<key>fileRef</key>
			<string>04FD418B19062ECD00AF17DC</string>
			<key>isa</key>
			<string>PBXBuildFile</string>
		</dict>
		<key>04FD418D19062ECD00AF17DC</key>
		<dict>
			<key>children</key>
			<array>
				<string>04FD418E19062ECD00AF17DC</string>
			</array>
			<key>isa</key>
			<string>PBXVariantGroup</string>
			<key>name</key>
			<string>Main_iPhone.storyboard</string>
			<key>sourceTree</key>
			<string>&lt;group&gt;</string>
		</dict>
		<key>04FD418E19062ECD00AF17DC</key>
		<dict>
			<key>isa</key>
			<string>PBXFileReference</string>
			<key>lastKnownFileType</key>
			<string>file.storyboard</string>
			<key>name</key>
			<string>Base</string>
			<key>path</key>
			<string>Base.lproj/Main_iPhone.storyboard</string>
			<key>sourceTree</key>
			<string>&lt;group&gt;</string>
		</dict>
		<key>04FD418F19062ECD00AF17DC</key>
		<dict>
			<key>fileRef</key>
			<string>04FD418D19062ECD00AF17DC</string>
			<key>isa</key>
			<string>PBXBuildFile</string>
		</dict>
		<key>04FD419019062ECD00AF17DC</key>
		<dict>
			<key>children</key>
			<array>
				<string>04FD419119062ECD00AF17DC</string>
			</array>
			<key>isa</key>
			<string>PBXVariantGroup</string>
			<key>name</key>
			<string>Main_iPad.storyboard</string>
			<key>sourceTree</key>
			<string>&lt;group&gt;</string>
		</dict>
		<key>04FD419119062ECD00AF17DC</key>
		<dict>
			<key>isa</key>
			<string>PBXFileReference</string>
			<key>lastKnownFileType</key>
			<string>file.storyboard</string>
			<key>name</key>
			<string>Base</string>
			<key>path</key>
			<string>Base.lproj/Main_iPad.storyboard</string>
			<key>sourceTree</key>
			<string>&lt;group&gt;</string>
		</dict>
		<key>04FD419219062ECD00AF17DC</key>
		<dict>
			<key>fileRef</key>
			<string>04FD419019062ECD00AF17DC</string>
			<key>isa</key>
			<string>PBXBuildFile</string>
		</dict>
		<key>04FD419319062ECD00AF17DC</key>
		<dict>
			<key>isa</key>
			<string>PBXFileReference</string>
			<key>lastKnownFileType</key>
			<string>sourcecode.c.h</string>
			<key>path</key>
			<string>EBFirstViewController.h</string>
			<key>sourceTree</key>
			<string>&lt;group&gt;</string>
		</dict>
		<key>04FD419419062ECD00AF17DC</key>
		<dict>
			<key>isa</key>
			<string>PBXFileReference</string>
			<key>lastKnownFileType</key>
			<string>sourcecode.c.objc</string>
			<key>path</key>
			<string>EBFirstViewController.m</string>
			<key>sourceTree</key>
			<string>&lt;group&gt;</string>
		</dict>
		<key>04FD419519062ECD00AF17DC</key>
		<dict>
			<key>fileRef</key>
			<string>04FD419419062ECD00AF17DC</string>
			<key>isa</key>
			<string>PBXBuildFile</string>
		</dict>
		<key>04FD419619062ECD00AF17DC</key>
		<dict>
			<key>isa</key>
			<string>PBXFileReference</string>
			<key>lastKnownFileType</key>
			<string>sourcecode.c.h</string>
			<key>path</key>
			<string>EBSecondViewController.h</string>
			<key>sourceTree</key>
			<string>&lt;group&gt;</string>
		</dict>
		<key>04FD419719062ECD00AF17DC</key>
		<dict>
			<key>isa</key>
			<string>PBXFileReference</string>
			<key>lastKnownFileType</key>
			<string>sourcecode.c.objc</string>
			<key>path</key>
			<string>EBSecondViewController.m</string>
			<key>sourceTree</key>
			<string>&lt;group&gt;</string>
		</dict>
		<key>04FD419819062ECD00AF17DC</key>
		<dict>
			<key>fileRef</key>
			<string>04FD419719062ECD00AF17DC</string>
			<key>isa</key>
			<string>PBXBuildFile</string>
		</dict>
		<key>04FD419919062ECD00AF17DC</key>
		<dict>
			<key>isa</key>
			<string>PBXFileReference</string>
			<key>lastKnownFileType</key>
			<string>folder.assetcatalog</string>
			<key>path</key>
			<string>Images.xcassets</string>
			<key>sourceTree</key>
			<string>&lt;group&gt;</string>
		</dict>
		<key>04FD419A19062ECD00AF17DC</key>
		<dict>
			<key>fileRef</key>
			<string>04FD419919062ECD00AF17DC</string>
			<key>isa</key>
			<string>PBXBuildFile</string>
		</dict>
		<key>04FD419B19062ECD00AF17DC</key>
		<dict>
			<key>buildActionMask</key>
			<string>2147483647</string>
			<key>files</key>
			<array>
				<string>04FD41AD19062ECD00AF17DC</string>
			</array>
			<key>isa</key>
			<string>PBXSourcesBuildPhase</string>
			<key>runOnlyForDeploymentPostprocessing</key>
			<string>0</string>
		</dict>
		<key>04FD419C19062ECD00AF17DC</key>
		<dict>
			<key>buildActionMask</key>
			<string>2147483647</string>
			<key>files</key>
			<array>
				<string>04FD41A119062ECD00AF17DC</string>
				<string>04FD41A319062ECD00AF17DC</string>
				<string>04FD41A219062ECD00AF17DC</string>
			</array>
			<key>isa</key>
			<string>PBXFrameworksBuildPhase</string>
			<key>runOnlyForDeploymentPostprocessing</key>
			<string>0</string>
		</dict>
		<key>04FD419D19062ECD00AF17DC</key>
		<dict>
			<key>buildActionMask</key>
			<string>2147483647</string>
			<key>files</key>
			<array>
				<string>04FD41AB19062ECD00AF17DC</string>
			</array>
			<key>isa</key>
			<string>PBXResourcesBuildPhase</string>
			<key>runOnlyForDeploymentPostprocessing</key>
			<string>0</string>
		</dict>
		<key>04FD419E19062ECD00AF17DC</key>
		<dict>
			<key>buildConfigurationList</key>
			<string>04FD41B319062ECD00AF17DC</string>
			<key>buildPhases</key>
			<array>
				<string>04FD419B19062ECD00AF17DC</string>
				<string>04FD419C19062ECD00AF17DC</string>
				<string>04FD419D19062ECD00AF17DC</string>
			</array>
			<key>buildRules</key>
			<array/>
			<key>dependencies</key>
			<array>
				<string>04FD41A519062ECD00AF17DC</string>
			</array>
			<key>isa</key>
			<string>PBXNativeTarget</string>
			<key>name</key>
			<string>EulersBridgeTests</string>
			<key>productName</key>
			<string>EulersBridgeTests</string>
			<key>productReference</key>
			<string>04FD419F19062ECD00AF17DC</string>
			<key>productType</key>
			<string>com.apple.product-type.bundle.unit-test</string>
		</dict>
		<key>04FD419F19062ECD00AF17DC</key>
		<dict>
			<key>explicitFileType</key>
			<string>wrapper.cfbundle</string>
			<key>includeInIndex</key>
			<string>0</string>
			<key>isa</key>
			<string>PBXFileReference</string>
			<key>path</key>
			<string>EulersBridgeTests.xctest</string>
			<key>sourceTree</key>
			<string>BUILT_PRODUCTS_DIR</string>
		</dict>
		<key>04FD41A019062ECD00AF17DC</key>
		<dict>
			<key>isa</key>
			<string>PBXFileReference</string>
			<key>lastKnownFileType</key>
			<string>wrapper.framework</string>
			<key>name</key>
			<string>XCTest.framework</string>
			<key>path</key>
			<string>Library/Frameworks/XCTest.framework</string>
			<key>sourceTree</key>
			<string>DEVELOPER_DIR</string>
		</dict>
		<key>04FD41A119062ECD00AF17DC</key>
		<dict>
			<key>fileRef</key>
			<string>04FD41A019062ECD00AF17DC</string>
			<key>isa</key>
			<string>PBXBuildFile</string>
		</dict>
		<key>04FD41A219062ECD00AF17DC</key>
		<dict>
			<key>fileRef</key>
			<string>04FD417B19062ECD00AF17DC</string>
			<key>isa</key>
			<string>PBXBuildFile</string>
		</dict>
		<key>04FD41A319062ECD00AF17DC</key>
		<dict>
			<key>fileRef</key>
			<string>04FD417F19062ECD00AF17DC</string>
			<key>isa</key>
			<string>PBXBuildFile</string>
		</dict>
		<key>04FD41A419062ECD00AF17DC</key>
		<dict>
			<key>containerPortal</key>
			<string>04FD417019062ECD00AF17DC</string>
			<key>isa</key>
			<string>PBXContainerItemProxy</string>
			<key>proxyType</key>
			<string>1</string>
			<key>remoteGlobalIDString</key>
			<string>04FD417719062ECD00AF17DC</string>
			<key>remoteInfo</key>
			<string>EulersBridge</string>
		</dict>
		<key>04FD41A519062ECD00AF17DC</key>
		<dict>
			<key>isa</key>
			<string>PBXTargetDependency</string>
			<key>target</key>
			<string>04FD417719062ECD00AF17DC</string>
			<key>targetProxy</key>
			<string>04FD41A419062ECD00AF17DC</string>
		</dict>
		<key>04FD41A619062ECD00AF17DC</key>
		<dict>
			<key>children</key>
			<array>
				<string>04FD41AC19062ECD00AF17DC</string>
				<string>04FD41A719062ECD00AF17DC</string>
			</array>
			<key>isa</key>
			<string>PBXGroup</string>
			<key>path</key>
			<string>EulersBridgeTests</string>
			<key>sourceTree</key>
			<string>&lt;group&gt;</string>
		</dict>
		<key>04FD41A719062ECD00AF17DC</key>
		<dict>
			<key>children</key>
			<array>
				<string>04FD41A819062ECD00AF17DC</string>
				<string>04FD41A919062ECD00AF17DC</string>
			</array>
			<key>isa</key>
			<string>PBXGroup</string>
			<key>name</key>
			<string>Supporting Files</string>
			<key>sourceTree</key>
			<string>&lt;group&gt;</string>
		</dict>
		<key>04FD41A819062ECD00AF17DC</key>
		<dict>
			<key>isa</key>
			<string>PBXFileReference</string>
			<key>lastKnownFileType</key>
			<string>text.plist.xml</string>
			<key>path</key>
			<string>EulersBridgeTests-Info.plist</string>
			<key>sourceTree</key>
			<string>&lt;group&gt;</string>
		</dict>
		<key>04FD41A919062ECD00AF17DC</key>
		<dict>
			<key>children</key>
			<array>
				<string>04FD41AA19062ECD00AF17DC</string>
			</array>
			<key>isa</key>
			<string>PBXVariantGroup</string>
			<key>name</key>
			<string>InfoPlist.strings</string>
			<key>sourceTree</key>
			<string>&lt;group&gt;</string>
		</dict>
		<key>04FD41AA19062ECD00AF17DC</key>
		<dict>
			<key>isa</key>
			<string>PBXFileReference</string>
			<key>lastKnownFileType</key>
			<string>text.plist.strings</string>
			<key>name</key>
			<string>en</string>
			<key>path</key>
			<string>en.lproj/InfoPlist.strings</string>
			<key>sourceTree</key>
			<string>&lt;group&gt;</string>
		</dict>
		<key>04FD41AB19062ECD00AF17DC</key>
		<dict>
			<key>fileRef</key>
			<string>04FD41A919062ECD00AF17DC</string>
			<key>isa</key>
			<string>PBXBuildFile</string>
		</dict>
		<key>04FD41AC19062ECD00AF17DC</key>
		<dict>
			<key>isa</key>
			<string>PBXFileReference</string>
			<key>lastKnownFileType</key>
			<string>sourcecode.c.objc</string>
			<key>path</key>
			<string>EulersBridgeTests.m</string>
			<key>sourceTree</key>
			<string>&lt;group&gt;</string>
		</dict>
		<key>04FD41AD19062ECD00AF17DC</key>
		<dict>
			<key>fileRef</key>
			<string>04FD41AC19062ECD00AF17DC</string>
			<key>isa</key>
			<string>PBXBuildFile</string>
		</dict>
		<key>04FD41AE19062ECD00AF17DC</key>
		<dict>
			<key>buildSettings</key>
			<dict>
				<key>ALWAYS_SEARCH_USER_PATHS</key>
				<string>NO</string>
				<key>CLANG_CXX_LANGUAGE_STANDARD</key>
				<string>gnu++0x</string>
				<key>CLANG_CXX_LIBRARY</key>
				<string>libc++</string>
				<key>CLANG_ENABLE_MODULES</key>
				<string>YES</string>
				<key>CLANG_ENABLE_OBJC_ARC</key>
				<string>YES</string>
				<key>CLANG_WARN_BOOL_CONVERSION</key>
				<string>YES</string>
				<key>CLANG_WARN_CONSTANT_CONVERSION</key>
				<string>YES</string>
				<key>CLANG_WARN_DIRECT_OBJC_ISA_USAGE</key>
				<string>YES_ERROR</string>
				<key>CLANG_WARN_EMPTY_BODY</key>
				<string>YES</string>
				<key>CLANG_WARN_ENUM_CONVERSION</key>
				<string>YES</string>
				<key>CLANG_WARN_INT_CONVERSION</key>
				<string>YES</string>
				<key>CLANG_WARN_OBJC_ROOT_CLASS</key>
				<string>YES_ERROR</string>
				<key>CLANG_WARN__DUPLICATE_METHOD_MATCH</key>
				<string>YES</string>
				<key>CODE_SIGN_IDENTITY[sdk=iphoneos*]</key>
				<string>iPhone Developer</string>
				<key>COPY_PHASE_STRIP</key>
				<string>NO</string>
				<key>GCC_C_LANGUAGE_STANDARD</key>
				<string>gnu99</string>
				<key>GCC_DYNAMIC_NO_PIC</key>
				<string>NO</string>
				<key>GCC_OPTIMIZATION_LEVEL</key>
				<string>0</string>
				<key>GCC_PREPROCESSOR_DEFINITIONS</key>
				<array>
					<string>DEBUG=1</string>
					<string>$(inherited)</string>
				</array>
				<key>GCC_SYMBOLS_PRIVATE_EXTERN</key>
				<string>NO</string>
				<key>GCC_WARN_64_TO_32_BIT_CONVERSION</key>
				<string>YES</string>
				<key>GCC_WARN_ABOUT_RETURN_TYPE</key>
				<string>YES_ERROR</string>
				<key>GCC_WARN_UNDECLARED_SELECTOR</key>
				<string>YES</string>
				<key>GCC_WARN_UNINITIALIZED_AUTOS</key>
				<string>YES_AGGRESSIVE</string>
				<key>GCC_WARN_UNUSED_FUNCTION</key>
				<string>YES</string>
				<key>GCC_WARN_UNUSED_VARIABLE</key>
				<string>YES</string>
				<key>IPHONEOS_DEPLOYMENT_TARGET</key>
				<string>7.1</string>
				<key>ONLY_ACTIVE_ARCH</key>
				<string>YES</string>
				<key>SDKROOT</key>
				<string>iphoneos</string>
				<key>TARGETED_DEVICE_FAMILY</key>
				<string>1,2</string>
			</dict>
			<key>isa</key>
			<string>XCBuildConfiguration</string>
			<key>name</key>
			<string>Debug</string>
		</dict>
		<key>04FD41AF19062ECD00AF17DC</key>
		<dict>
			<key>buildSettings</key>
			<dict>
				<key>ALWAYS_SEARCH_USER_PATHS</key>
				<string>NO</string>
				<key>CLANG_CXX_LANGUAGE_STANDARD</key>
				<string>gnu++0x</string>
				<key>CLANG_CXX_LIBRARY</key>
				<string>libc++</string>
				<key>CLANG_ENABLE_MODULES</key>
				<string>YES</string>
				<key>CLANG_ENABLE_OBJC_ARC</key>
				<string>YES</string>
				<key>CLANG_WARN_BOOL_CONVERSION</key>
				<string>YES</string>
				<key>CLANG_WARN_CONSTANT_CONVERSION</key>
				<string>YES</string>
				<key>CLANG_WARN_DIRECT_OBJC_ISA_USAGE</key>
				<string>YES_ERROR</string>
				<key>CLANG_WARN_EMPTY_BODY</key>
				<string>YES</string>
				<key>CLANG_WARN_ENUM_CONVERSION</key>
				<string>YES</string>
				<key>CLANG_WARN_INT_CONVERSION</key>
				<string>YES</string>
				<key>CLANG_WARN_OBJC_ROOT_CLASS</key>
				<string>YES_ERROR</string>
				<key>CLANG_WARN__DUPLICATE_METHOD_MATCH</key>
				<string>YES</string>
				<key>CODE_SIGN_IDENTITY[sdk=iphoneos*]</key>
				<string>iPhone Developer</string>
				<key>COPY_PHASE_STRIP</key>
				<string>YES</string>
				<key>ENABLE_NS_ASSERTIONS</key>
				<string>NO</string>
				<key>GCC_C_LANGUAGE_STANDARD</key>
				<string>gnu99</string>
				<key>GCC_WARN_64_TO_32_BIT_CONVERSION</key>
				<string>YES</string>
				<key>GCC_WARN_ABOUT_RETURN_TYPE</key>
				<string>YES_ERROR</string>
				<key>GCC_WARN_UNDECLARED_SELECTOR</key>
				<string>YES</string>
				<key>GCC_WARN_UNINITIALIZED_AUTOS</key>
				<string>YES_AGGRESSIVE</string>
				<key>GCC_WARN_UNUSED_FUNCTION</key>
				<string>YES</string>
				<key>GCC_WARN_UNUSED_VARIABLE</key>
				<string>YES</string>
				<key>IPHONEOS_DEPLOYMENT_TARGET</key>
				<string>7.1</string>
				<key>SDKROOT</key>
				<string>iphoneos</string>
				<key>TARGETED_DEVICE_FAMILY</key>
				<string>1,2</string>
				<key>VALIDATE_PRODUCT</key>
				<string>YES</string>
			</dict>
			<key>isa</key>
			<string>XCBuildConfiguration</string>
			<key>name</key>
			<string>Release</string>
		</dict>
		<key>04FD41B019062ECD00AF17DC</key>
		<dict>
			<key>buildConfigurations</key>
			<array>
				<string>04FD41B119062ECD00AF17DC</string>
				<string>04FD41B219062ECD00AF17DC</string>
			</array>
			<key>defaultConfigurationIsVisible</key>
			<string>0</string>
			<key>isa</key>
			<string>XCConfigurationList</string>
		</dict>
		<key>04FD41B119062ECD00AF17DC</key>
		<dict>
			<key>baseConfigurationReference</key>
			<string>8FB63B052AC2408A9C372E37</string>
			<key>buildSettings</key>
			<dict>
				<key>ASSETCATALOG_COMPILER_APPICON_NAME</key>
				<string>AppIcon</string>
				<key>ASSETCATALOG_COMPILER_LAUNCHIMAGE_NAME</key>
				<string>LaunchImage</string>
				<key>GCC_PRECOMPILE_PREFIX_HEADER</key>
				<string>YES</string>
				<key>GCC_PREFIX_HEADER</key>
				<string>EulersBridge/EulersBridge-Prefix.pch</string>
				<key>INFOPLIST_FILE</key>
				<string>EulersBridge/EulersBridge-Info.plist</string>
				<key>PRODUCT_NAME</key>
				<string>$(TARGET_NAME)</string>
				<key>WRAPPER_EXTENSION</key>
				<string>app</string>
			</dict>
			<key>isa</key>
			<string>XCBuildConfiguration</string>
			<key>name</key>
			<string>Debug</string>
		</dict>
		<key>04FD41B219062ECD00AF17DC</key>
		<dict>
			<key>baseConfigurationReference</key>
			<string>8FB63B052AC2408A9C372E37</string>
			<key>buildSettings</key>
			<dict>
				<key>ASSETCATALOG_COMPILER_APPICON_NAME</key>
				<string>AppIcon</string>
				<key>ASSETCATALOG_COMPILER_LAUNCHIMAGE_NAME</key>
				<string>LaunchImage</string>
				<key>GCC_PRECOMPILE_PREFIX_HEADER</key>
				<string>YES</string>
				<key>GCC_PREFIX_HEADER</key>
				<string>EulersBridge/EulersBridge-Prefix.pch</string>
				<key>INFOPLIST_FILE</key>
				<string>EulersBridge/EulersBridge-Info.plist</string>
				<key>PRODUCT_NAME</key>
				<string>$(TARGET_NAME)</string>
				<key>WRAPPER_EXTENSION</key>
				<string>app</string>
			</dict>
			<key>isa</key>
			<string>XCBuildConfiguration</string>
			<key>name</key>
			<string>Release</string>
		</dict>
		<key>04FD41B319062ECD00AF17DC</key>
		<dict>
			<key>buildConfigurations</key>
			<array>
				<string>04FD41B419062ECD00AF17DC</string>
				<string>04FD41B519062ECD00AF17DC</string>
			</array>
			<key>defaultConfigurationIsVisible</key>
			<string>0</string>
			<key>isa</key>
			<string>XCConfigurationList</string>
		</dict>
		<key>04FD41B419062ECD00AF17DC</key>
		<dict>
			<key>buildSettings</key>
			<dict>
				<key>BUNDLE_LOADER</key>
				<string>$(BUILT_PRODUCTS_DIR)/EulersBridge.app/EulersBridge</string>
				<key>FRAMEWORK_SEARCH_PATHS</key>
				<array>
					<string>$(SDKROOT)/Developer/Library/Frameworks</string>
					<string>$(inherited)</string>
					<string>$(DEVELOPER_FRAMEWORKS_DIR)</string>
				</array>
				<key>GCC_PRECOMPILE_PREFIX_HEADER</key>
				<string>YES</string>
				<key>GCC_PREFIX_HEADER</key>
				<string>EulersBridge/EulersBridge-Prefix.pch</string>
				<key>GCC_PREPROCESSOR_DEFINITIONS</key>
				<array>
					<string>DEBUG=1</string>
					<string>$(inherited)</string>
				</array>
				<key>INFOPLIST_FILE</key>
				<string>EulersBridgeTests/EulersBridgeTests-Info.plist</string>
				<key>PRODUCT_NAME</key>
				<string>$(TARGET_NAME)</string>
				<key>TEST_HOST</key>
				<string>$(BUNDLE_LOADER)</string>
				<key>WRAPPER_EXTENSION</key>
				<string>xctest</string>
			</dict>
			<key>isa</key>
			<string>XCBuildConfiguration</string>
			<key>name</key>
			<string>Debug</string>
		</dict>
		<key>04FD41B519062ECD00AF17DC</key>
		<dict>
			<key>buildSettings</key>
			<dict>
				<key>BUNDLE_LOADER</key>
				<string>$(BUILT_PRODUCTS_DIR)/EulersBridge.app/EulersBridge</string>
				<key>FRAMEWORK_SEARCH_PATHS</key>
				<array>
					<string>$(SDKROOT)/Developer/Library/Frameworks</string>
					<string>$(inherited)</string>
					<string>$(DEVELOPER_FRAMEWORKS_DIR)</string>
				</array>
				<key>GCC_PRECOMPILE_PREFIX_HEADER</key>
				<string>YES</string>
				<key>GCC_PREFIX_HEADER</key>
				<string>EulersBridge/EulersBridge-Prefix.pch</string>
				<key>INFOPLIST_FILE</key>
				<string>EulersBridgeTests/EulersBridgeTests-Info.plist</string>
				<key>PRODUCT_NAME</key>
				<string>$(TARGET_NAME)</string>
				<key>TEST_HOST</key>
				<string>$(BUNDLE_LOADER)</string>
				<key>WRAPPER_EXTENSION</key>
				<string>xctest</string>
			</dict>
			<key>isa</key>
			<string>XCBuildConfiguration</string>
			<key>name</key>
			<string>Release</string>
		</dict>
		<key>8CC2FEF72E8D4741B1BFD910</key>
		<dict>
			<key>fileRef</key>
			<string>DA4A187B11A845AF9E3E5CDF</string>
			<key>isa</key>
			<string>PBXBuildFile</string>
		</dict>
		<key>8FB63B052AC2408A9C372E37</key>
		<dict>
			<key>includeInIndex</key>
			<string>1</string>
			<key>isa</key>
			<string>PBXFileReference</string>
			<key>lastKnownFileType</key>
			<string>text.xcconfig</string>
			<key>name</key>
			<string>Pods.xcconfig</string>
			<key>path</key>
			<string>Pods/Pods.xcconfig</string>
			<key>sourceTree</key>
			<string>&lt;group&gt;</string>
		</dict>
		<key>B7ABA1A7F4B74F7594112334</key>
		<dict>
			<key>buildActionMask</key>
			<string>2147483647</string>
			<key>files</key>
			<array/>
			<key>inputPaths</key>
			<array/>
			<key>isa</key>
			<string>PBXShellScriptBuildPhase</string>
			<key>name</key>
			<string>Check Pods Manifest.lock</string>
			<key>outputPaths</key>
			<array/>
			<key>runOnlyForDeploymentPostprocessing</key>
			<string>0</string>
			<key>shellPath</key>
			<string>/bin/sh</string>
			<key>shellScript</key>
			<string>diff "${PODS_ROOT}/../Podfile.lock" "${PODS_ROOT}/Manifest.lock" &gt; /dev/null
if [[ $? != 0 ]] ; then
    cat &lt;&lt; EOM
error: The sandbox is not in sync with the Podfile.lock. Run 'pod install' or update your CocoaPods installation.
EOM
    exit 1
fi
</string>
			<key>showEnvVarsInLog</key>
			<string>0</string>
		</dict>
		<key>CC16852ABD2B4F5A98994117</key>
		<dict>
			<key>buildActionMask</key>
			<string>2147483647</string>
			<key>files</key>
			<array/>
			<key>inputPaths</key>
			<array/>
			<key>isa</key>
			<string>PBXShellScriptBuildPhase</string>
			<key>name</key>
			<string>Copy Pods Resources</string>
			<key>outputPaths</key>
			<array/>
			<key>runOnlyForDeploymentPostprocessing</key>
			<string>0</string>
			<key>shellPath</key>
			<string>/bin/sh</string>
			<key>shellScript</key>
			<string>"${SRCROOT}/Pods/Pods-resources.sh"
</string>
			<key>showEnvVarsInLog</key>
			<string>0</string>
		</dict>
		<key>DA4A187B11A845AF9E3E5CDF</key>
		<dict>
			<key>explicitFileType</key>
			<string>archive.ar</string>
			<key>includeInIndex</key>
			<string>0</string>
			<key>isa</key>
			<string>PBXFileReference</string>
			<key>path</key>
			<string>libPods.a</string>
			<key>sourceTree</key>
			<string>BUILT_PRODUCTS_DIR</string>
		</dict>
	</dict>
	<key>rootObject</key>
	<string>04FD417019062ECD00AF17DC</string>
</dict>
</plist>
